
Microsoft Visual Studio Solution File, Format Version 12.00
Project("{8BC9CEB8-8B4A-11D0-8D11-00A0C91BC942}") = "VectorMath-Test", "VectorMath-Test\VectorMath-Test.vcxproj", "{0A6E16AE-C4A5-41B4-8D51-2E89F3CDA2C4}"
EndProject
Project("{8BC9CEB8-8B4A-11D0-8D11-00A0C91BC942}") = "VectorMath", "VectorMath\VectorMath.vcxproj", "{115A3116-3B38-46F5-97C5-F2211EAB7C28}"
EndProject
Global
	GlobalSection(SolutionConfigurationPlatforms) = preSolution
		Debug|Win32 = Debug|Win32
		Debug|x64 = Debug|x64
		Release|Win32 = Release|Win32
		Release|x64 = Release|x64
	EndGlobalSection
	GlobalSection(ProjectConfigurationPlatforms) = postSolution
		{0A6E16AE-C4A5-41B4-8D51-2E89F3CDA2C4}.Debug|Win32.ActiveCfg = Debug|Win32
		{0A6E16AE-C4A5-41B4-8D51-2E89F3CDA2C4}.Debug|Win32.Build.0 = Debug|Win32
		{0A6E16AE-C4A5-41B4-8D51-2E89F3CDA2C4}.Debug|x64.ActiveCfg = Debug|x64
		{0A6E16AE-C4A5-41B4-8D51-2E89F3CDA2C4}.Debug|x64.Build.0 = Debug|x64
		{0A6E16AE-C4A5-41B4-8D51-2E89F3CDA2C4}.Release|Win32.ActiveCfg = Release|Win32
		{0A6E16AE-C4A5-41B4-8D51-2E89F3CDA2C4}.Release|Win32.Build.0 = Release|Win32
		{0A6E16AE-C4A5-41B4-8D51-2E89F3CDA2C4}.Release|x64.ActiveCfg = Release|x64
		{0A6E16AE-C4A5-41B4-8D51-2E89F3CDA2C4}.Release|x64.Build.0 = Release|x64
		{115A3116-3B38-46F5-97C5-F2211EAB7C28}.Debug|Win32.ActiveCfg = Debug|Win32
		{115A3116-3B38-46F5-97C5-F2211EAB7C28}.Debug|Win32.Build.0 = Debug|Win32
		{115A3116-3B38-46F5-97C5-F2211EAB7C28}.Debug|x64.ActiveCfg = Debug|x64
		{115A3116-3B38-46F5-97C5-F2211EAB7C28}.Debug|x64.Build.0 = Debug|x64
		{115A3116-3B38-46F5-97C5-F2211EAB7C28}.Release|Win32.ActiveCfg = Release|Win32
		{115A3116-3B38-46F5-97C5-F2211EAB7C28}.Release|Win32.Build.0 = Release|Win32
		{115A3116-3B38-46F5-97C5-F2211EAB7C28}.Release|x64.ActiveCfg = Release|x64
		{115A3116-3B38-46F5-97C5-F2211EAB7C28}.Release|x64.Build.0 = Release|x64
	EndGlobalSection
EndGlobal
